# This file is automatically @generated by Cargo.
# It is not intended for manual editing.
version = 3

[[package]]
name = "daemon"
version = "0.1.0"
dependencies = [
 "rsjson",
]

[[package]]
name = "rsjson"
version = "0.1.3"
source = "registry+https://github.com/rust-lang/crates.io-index"
checksum = "da9f8578a2564c2534d5cdec627a494645df96de38d425b752364787726554d7"
