# This file is automatically @generated by Cargo.
# It is not intended for manual editing.
version = 3

[[package]]
name = "daemon"
version = "0.1.0"
dependencies = [
 "rsjson",
]

[[package]]
name = "rsjson"
version = "0.1.5"
source = "registry+https://github.com/rust-lang/crates.io-index"
checksum = "e548b3a11684af678ed5573d34c9bf1be0268ae17ce9ab6f9cb99b0cb78c9f9f"
